
Microsoft Visual Studio Solution File, Format Version 12.00
# Visual Studio Version 16
VisualStudioVersion = 16.0.30709.64
MinimumVisualStudioVersion = 10.0.40219.1
Project("{FAE04EC0-301F-11D3-BF4B-00C04F79EFBC}") = "FFMPEG.Blazor", "FFMPEG.Blazor\FFMPEG.Blazor.csproj", "{1E1F3635-4B9B-46AD-ADEA-69DE2975F926}"
EndProject
Project("{FAE04EC0-301F-11D3-BF4B-00C04F79EFBC}") = "FFMPEG.Sample", "FFMPEG.Sample\FFMPEG.Sample.csproj", "{91324786-6493-4C35-B61B-8C16484C0950}"
EndProject
Global
	GlobalSection(SolutionConfigurationPlatforms) = preSolution
		Debug|Any CPU = Debug|Any CPU
		Release|Any CPU = Release|Any CPU
	EndGlobalSection
	GlobalSection(ProjectConfigurationPlatforms) = postSolution
		{1E1F3635-4B9B-46AD-ADEA-69DE2975F926}.Debug|Any CPU.ActiveCfg = Debug|Any CPU
		{1E1F3635-4B9B-46AD-ADEA-69DE2975F926}.Debug|Any CPU.Build.0 = Debug|Any CPU
		{1E1F3635-4B9B-46AD-ADEA-69DE2975F926}.Release|Any CPU.ActiveCfg = Release|Any CPU
		{1E1F3635-4B9B-46AD-ADEA-69DE2975F926}.Release|Any CPU.Build.0 = Release|Any CPU
		{91324786-6493-4C35-B61B-8C16484C0950}.Debug|Any CPU.ActiveCfg = Debug|Any CPU
		{91324786-6493-4C35-B61B-8C16484C0950}.Debug|Any CPU.Build.0 = Debug|Any CPU
		{91324786-6493-4C35-B61B-8C16484C0950}.Release|Any CPU.ActiveCfg = Release|Any CPU
		{91324786-6493-4C35-B61B-8C16484C0950}.Release|Any CPU.Build.0 = Release|Any CPU
	EndGlobalSection
	GlobalSection(SolutionProperties) = preSolution
		HideSolutionNode = FALSE
	EndGlobalSection
	GlobalSection(ExtensibilityGlobals) = postSolution
		SolutionGuid = {8390EBB7-BB5B-4A07-8C14-BC5C76A5BFE0}
	EndGlobalSection
EndGlobal
